{
  "requires": true,
  "lockfileVersion": 1,
  "dependencies": {
    "rental-insurance": {
      "version": "git+https://github.com/steinerj/node-cars-decision-service.git#6de37ec3332faf4be993f163ce3223e802e407a6",
      "from": "git+https://github.com/steinerj/node-cars-decision-service.git"
    }
  }
}
