Microsoft Visual Studio Solution File, Format Version 12.00
# Visual Studio Version 16
VisualStudioVersion = 16.0.29920.165
MinimumVisualStudioVersion = 10.0.40219.1
Project("{FAE04EC0-301F-11D3-BF4B-00C04F79EFBC}") = "CallJSFromXamarin.Android", "CallJSFromXamarin.Android\CallJSFromXamarin.Android.csproj", "{5CC7D35C-FBF1-41D2-8A75-147598B8CE88}"
EndProject
Project("{FAE04EC0-301F-11D3-BF4B-00C04F79EFBC}") = "CallJSFromXamarin.iOS", "CallJSFromXamarin.iOS\CallJSFromXamarin.iOS.csproj", "{1B61CBE5-692A-4494-AE7D-37657ABBDA7E}"
EndProject
Project("{9A19103F-16F7-4668-BE54-9A1E7A4F7556}") = "CallJSFromXamarin", "CallJSFromXamarin\CallJSFromXamarin.csproj", "{386E7DAF-B378-465E-BF1A-FD1BB959ECDD}"
EndProject
Global
	GlobalSection(SolutionConfigurationPlatforms) = preSolution
		Debug|Any CPU = Debug|Any CPU
		Debug|iPhone = Debug|iPhone
		Debug|iPhoneSimulator = Debug|iPhoneSimulator
		Release|Any CPU = Release|Any CPU
		Release|iPhone = Release|iPhone
		Release|iPhoneSimulator = Release|iPhoneSimulator
	EndGlobalSection
	GlobalSection(ProjectConfigurationPlatforms) = postSolution
		{5CC7D35C-FBF1-41D2-8A75-147598B8CE88}.Debug|Any CPU.ActiveCfg = Debug|Any CPU
		{5CC7D35C-FBF1-41D2-8A75-147598B8CE88}.Debug|Any CPU.Build.0 = Debug|Any CPU
		{5CC7D35C-FBF1-41D2-8A75-147598B8CE88}.Debug|Any CPU.Deploy.0 = Debug|Any CPU
		{5CC7D35C-FBF1-41D2-8A75-147598B8CE88}.Debug|iPhone.ActiveCfg = Debug|Any CPU
		{5CC7D35C-FBF1-41D2-8A75-147598B8CE88}.Debug|iPhone.Build.0 = Debug|Any CPU
		{5CC7D35C-FBF1-41D2-8A75-147598B8CE88}.Debug|iPhoneSimulator.ActiveCfg = Debug|Any CPU
		{5CC7D35C-FBF1-41D2-8A75-147598B8CE88}.Debug|iPhoneSimulator.Build.0 = Debug|Any CPU
		{5CC7D35C-FBF1-41D2-8A75-147598B8CE88}.Release|Any CPU.ActiveCfg = Release|Any CPU
		{5CC7D35C-FBF1-41D2-8A75-147598B8CE88}.Release|Any CPU.Build.0 = Release|Any CPU
		{5CC7D35C-FBF1-41D2-8A75-147598B8CE88}.Release|iPhone.ActiveCfg = Release|Any CPU
		{5CC7D35C-FBF1-41D2-8A75-147598B8CE88}.Release|iPhone.Build.0 = Release|Any CPU
		{5CC7D35C-FBF1-41D2-8A75-147598B8CE88}.Release|iPhoneSimulator.ActiveCfg = Release|Any CPU
		{5CC7D35C-FBF1-41D2-8A75-147598B8CE88}.Release|iPhoneSimulator.Build.0 = Release|Any CPU
		{1B61CBE5-692A-4494-AE7D-37657ABBDA7E}.Debug|Any CPU.ActiveCfg = Debug|iPhoneSimulator
		{1B61CBE5-692A-4494-AE7D-37657ABBDA7E}.Debug|Any CPU.Build.0 = Debug|iPhoneSimulator
		{1B61CBE5-692A-4494-AE7D-37657ABBDA7E}.Debug|iPhone.ActiveCfg = Debug|iPhone
		{1B61CBE5-692A-4494-AE7D-37657ABBDA7E}.Debug|iPhone.Build.0 = Debug|iPhone
		{1B61CBE5-692A-4494-AE7D-37657ABBDA7E}.Debug|iPhoneSimulator.ActiveCfg = Debug|iPhoneSimulator
		{1B61CBE5-692A-4494-AE7D-37657ABBDA7E}.Debug|iPhoneSimulator.Build.0 = Debug|iPhoneSimulator
		{1B61CBE5-692A-4494-AE7D-37657ABBDA7E}.Release|Any CPU.ActiveCfg = Release|iPhoneSimulator
		{1B61CBE5-692A-4494-AE7D-37657ABBDA7E}.Release|Any CPU.Build.0 = Release|iPhoneSimulator
		{1B61CBE5-692A-4494-AE7D-37657ABBDA7E}.Release|iPhone.ActiveCfg = Release|iPhone
		{1B61CBE5-692A-4494-AE7D-37657ABBDA7E}.Release|iPhone.Build.0 = Release|iPhone
		{1B61CBE5-692A-4494-AE7D-37657ABBDA7E}.Release|iPhoneSimulator.ActiveCfg = Release|iPhoneSimulator
		{1B61CBE5-692A-4494-AE7D-37657ABBDA7E}.Release|iPhoneSimulator.Build.0 = Release|iPhoneSimulator
		{386E7DAF-B378-465E-BF1A-FD1BB959ECDD}.Debug|Any CPU.ActiveCfg = Debug|Any CPU
		{386E7DAF-B378-465E-BF1A-FD1BB959ECDD}.Debug|Any CPU.Build.0 = Debug|Any CPU
		{386E7DAF-B378-465E-BF1A-FD1BB959ECDD}.Debug|iPhone.ActiveCfg = Debug|Any CPU
		{386E7DAF-B378-465E-BF1A-FD1BB959ECDD}.Debug|iPhone.Build.0 = Debug|Any CPU
		{386E7DAF-B378-465E-BF1A-FD1BB959ECDD}.Debug|iPhoneSimulator.ActiveCfg = Debug|Any CPU
		{386E7DAF-B378-465E-BF1A-FD1BB959ECDD}.Debug|iPhoneSimulator.Build.0 = Debug|Any CPU
		{386E7DAF-B378-465E-BF1A-FD1BB959ECDD}.Release|Any CPU.ActiveCfg = Release|Any CPU
		{386E7DAF-B378-465E-BF1A-FD1BB959ECDD}.Release|Any CPU.Build.0 = Release|Any CPU
		{386E7DAF-B378-465E-BF1A-FD1BB959ECDD}.Release|iPhone.ActiveCfg = Release|Any CPU
		{386E7DAF-B378-465E-BF1A-FD1BB959ECDD}.Release|iPhone.Build.0 = Release|Any CPU
		{386E7DAF-B378-465E-BF1A-FD1BB959ECDD}.Release|iPhoneSimulator.ActiveCfg = Release|Any CPU
		{386E7DAF-B378-465E-BF1A-FD1BB959ECDD}.Release|iPhoneSimulator.Build.0 = Release|Any CPU
	EndGlobalSection
	GlobalSection(SolutionProperties) = preSolution
		HideSolutionNode = FALSE
	EndGlobalSection
	GlobalSection(ExtensibilityGlobals) = postSolution
		SolutionGuid = {26183703-B091-4501-BC8A-F803EC1BD789}
	EndGlobalSection
EndGlobal
